
Microsoft Visual Studio Solution File, Format Version 12.00
# Visual Studio Version 17
VisualStudioVersion = 17.6.33815.320
MinimumVisualStudioVersion = 10.0.40219.1
Project("{FAE04EC0-301F-11D3-BF4B-00C04F79EFBC}") = "P013-prime factors", "P013-prime factors\P013-prime factors.csproj", "{F938F1EF-66E4-4555-834C-9568286275C8}"
EndProject
Global
	GlobalSection(SolutionConfigurationPlatforms) = preSolution
		Debug|Any CPU = Debug|Any CPU
		Release|Any CPU = Release|Any CPU
	EndGlobalSection
	GlobalSection(ProjectConfigurationPlatforms) = postSolution
		{F938F1EF-66E4-4555-834C-9568286275C8}.Debug|Any CPU.ActiveCfg = Debug|Any CPU
		{F938F1EF-66E4-4555-834C-9568286275C8}.Debug|Any CPU.Build.0 = Debug|Any CPU
		{F938F1EF-66E4-4555-834C-9568286275C8}.Release|Any CPU.ActiveCfg = Release|Any CPU
		{F938F1EF-66E4-4555-834C-9568286275C8}.Release|Any CPU.Build.0 = Release|Any CPU
	EndGlobalSection
	GlobalSection(SolutionProperties) = preSolution
		HideSolutionNode = FALSE
	EndGlobalSection
	GlobalSection(ExtensibilityGlobals) = postSolution
		SolutionGuid = {22A6DD1A-265A-48CD-A1FA-561401A3065C}
	EndGlobalSection
EndGlobal
