
Microsoft Visual Studio Solution File, Format Version 12.00
# Visual Studio Version 17
VisualStudioVersion = 17.6.33815.320
MinimumVisualStudioVersion = 10.0.40219.1
Project("{FAE04EC0-301F-11D3-BF4B-00C04F79EFBC}") = "P008-factorial", "P008-factorial\P008-factorial.csproj", "{84892FDB-2B86-41F4-ACDE-EC22A98D2361}"
EndProject
Global
	GlobalSection(SolutionConfigurationPlatforms) = preSolution
		Debug|Any CPU = Debug|Any CPU
		Release|Any CPU = Release|Any CPU
	EndGlobalSection
	GlobalSection(ProjectConfigurationPlatforms) = postSolution
		{84892FDB-2B86-41F4-ACDE-EC22A98D2361}.Debug|Any CPU.ActiveCfg = Debug|Any CPU
		{84892FDB-2B86-41F4-ACDE-EC22A98D2361}.Debug|Any CPU.Build.0 = Debug|Any CPU
		{84892FDB-2B86-41F4-ACDE-EC22A98D2361}.Release|Any CPU.ActiveCfg = Release|Any CPU
		{84892FDB-2B86-41F4-ACDE-EC22A98D2361}.Release|Any CPU.Build.0 = Release|Any CPU
	EndGlobalSection
	GlobalSection(SolutionProperties) = preSolution
		HideSolutionNode = FALSE
	EndGlobalSection
	GlobalSection(ExtensibilityGlobals) = postSolution
		SolutionGuid = {39D1541D-A11D-4CF4-A141-5E0AD7DCE907}
	EndGlobalSection
EndGlobal
