
Microsoft Visual Studio Solution File, Format Version 12.00
# Visual Studio Version 17
VisualStudioVersion = 17.6.33815.320
MinimumVisualStudioVersion = 10.0.40219.1
Project("{FAE04EC0-301F-11D3-BF4B-00C04F79EFBC}") = "P005-numbers and operators", "P005-numbers and operators\P005-numbers and operators.csproj", "{4CB32B39-32BC-4FCE-9344-6AEAE55D19D1}"
EndProject
Global
	GlobalSection(SolutionConfigurationPlatforms) = preSolution
		Debug|Any CPU = Debug|Any CPU
		Release|Any CPU = Release|Any CPU
	EndGlobalSection
	GlobalSection(ProjectConfigurationPlatforms) = postSolution
		{4CB32B39-32BC-4FCE-9344-6AEAE55D19D1}.Debug|Any CPU.ActiveCfg = Debug|Any CPU
		{4CB32B39-32BC-4FCE-9344-6AEAE55D19D1}.Debug|Any CPU.Build.0 = Debug|Any CPU
		{4CB32B39-32BC-4FCE-9344-6AEAE55D19D1}.Release|Any CPU.ActiveCfg = Release|Any CPU
		{4CB32B39-32BC-4FCE-9344-6AEAE55D19D1}.Release|Any CPU.Build.0 = Release|Any CPU
	EndGlobalSection
	GlobalSection(SolutionProperties) = preSolution
		HideSolutionNode = FALSE
	EndGlobalSection
	GlobalSection(ExtensibilityGlobals) = postSolution
		SolutionGuid = {02CAF256-9601-42A2-9866-FDD6E36BADA8}
	EndGlobalSection
EndGlobal
