
Microsoft Visual Studio Solution File, Format Version 12.00
# Visual Studio Version 17
VisualStudioVersion = 17.6.33815.320
MinimumVisualStudioVersion = 10.0.40219.1
Project("{FAE04EC0-301F-11D3-BF4B-00C04F79EFBC}") = "P003-days of year", "P003-days of year\P003-days of year.csproj", "{9EB9B496-462E-4714-9FDD-DBA0C31BDFC1}"
EndProject
Global
	GlobalSection(SolutionConfigurationPlatforms) = preSolution
		Debug|Any CPU = Debug|Any CPU
		Release|Any CPU = Release|Any CPU
	EndGlobalSection
	GlobalSection(ProjectConfigurationPlatforms) = postSolution
		{9EB9B496-462E-4714-9FDD-DBA0C31BDFC1}.Debug|Any CPU.ActiveCfg = Debug|Any CPU
		{9EB9B496-462E-4714-9FDD-DBA0C31BDFC1}.Debug|Any CPU.Build.0 = Debug|Any CPU
		{9EB9B496-462E-4714-9FDD-DBA0C31BDFC1}.Release|Any CPU.ActiveCfg = Release|Any CPU
		{9EB9B496-462E-4714-9FDD-DBA0C31BDFC1}.Release|Any CPU.Build.0 = Release|Any CPU
	EndGlobalSection
	GlobalSection(SolutionProperties) = preSolution
		HideSolutionNode = FALSE
	EndGlobalSection
	GlobalSection(ExtensibilityGlobals) = postSolution
		SolutionGuid = {15ACBE1D-252F-4693-8EF4-0F6F64EFA828}
	EndGlobalSection
EndGlobal
